{
  "name": "ubg",
  "version": "0.0.2",
  "lockfileVersion": 3,
  "requires": true,
  "packages": {
    "": {
      "name": "ubg",
      "version": "0.0.2",
      "license": "(c) Fundacja Wrota Nadziei",
      "dependencies": {
        "docxtemplater": "^3.19.7",
        "pizzip": "^3.0.6"
      }
    },
    "node_modules/docxtemplater": {
      "version": "3.19.7",
      "resolved": "https://registry.npmjs.org/docxtemplater/-/docxtemplater-3.19.7.tgz",
      "integrity": "sha512-OVl0rTRBy/IQ/X4OBicLxjXzTotM1qcfE+U1Gujp9WEnMgqidr9ZdzdLByjH1Nd8507GD6FRAJkQBNGxDr2tJg==",
      "dependencies": {
        "xmldom": "^0.3.0"
      },
      "engines": {
        "node": ">=0.10"
      }
    },
    "node_modules/pako": {
      "version": "1.0.11",
      "resolved": "https://registry.npmjs.org/pako/-/pako-1.0.11.tgz",
      "integrity": "sha512-4hLB8Py4zZce5s4yd9XzopqwVv/yGNhV1Bl8NTmCq1763HeK2+EwVTv+leGeL13Dnh2wfbqowVPXCIO0z4taYw=="
    },
    "node_modules/pizzip": {
      "version": "3.0.6",
      "resolved": "https://registry.npmjs.org/pizzip/-/pizzip-3.0.6.tgz",
      "integrity": "sha512-CYmQJQ6ShNhScp2zrpGetRfamQ2CtUdsfcXaauqsQ0h/HVdQTTlHNUaNzMO0i+l8XTNctHJ6PrmFP+YZoF4iZw==",
      "dependencies": {
        "pako": "~1.0.2"
      }
    },
    "node_modules/xmldom": {
      "version": "0.3.0",
      "resolved": "https://registry.npmjs.org/xmldom/-/xmldom-0.3.0.tgz",
      "integrity": "sha512-z9s6k3wxE+aZHgXYxSTpGDo7BYOUfJsIRyoZiX6HTjwpwfS2wpQBQKa2fD+ShLyPkqDYo5ud7KitmLZ2Cd6r0g==",
      "deprecated": "Deprecated due to CVE-2021-21366 resolved in 0.5.0",
      "engines": {
        "node": ">=10.0.0"
      }
    }
  }
}
